
Microsoft Visual Studio Solution File, Format Version 12.00
# Visual Studio Version 16
VisualStudioVersion = 16.0.29326.143
MinimumVisualStudioVersion = 10.0.40219.1
Project("{8BC9CEB8-8B4A-11D0-8D11-00A0C91BC942}") = "2.33", "2.33\2.33.vcxproj", "{BA73574D-005D-4488-AAD8-03E71BA87F07}"
EndProject
Global
	GlobalSection(SolutionConfigurationPlatforms) = preSolution
		Debug|x64 = Debug|x64
		Debug|x86 = Debug|x86
		Release|x64 = Release|x64
		Release|x86 = Release|x86
	EndGlobalSection
	GlobalSection(ProjectConfigurationPlatforms) = postSolution
		{BA73574D-005D-4488-AAD8-03E71BA87F07}.Debug|x64.ActiveCfg = Debug|x64
		{BA73574D-005D-4488-AAD8-03E71BA87F07}.Debug|x64.Build.0 = Debug|x64
		{BA73574D-005D-4488-AAD8-03E71BA87F07}.Debug|x86.ActiveCfg = Debug|Win32
		{BA73574D-005D-4488-AAD8-03E71BA87F07}.Debug|x86.Build.0 = Debug|Win32
		{BA73574D-005D-4488-AAD8-03E71BA87F07}.Release|x64.ActiveCfg = Release|x64
		{BA73574D-005D-4488-AAD8-03E71BA87F07}.Release|x64.Build.0 = Release|x64
		{BA73574D-005D-4488-AAD8-03E71BA87F07}.Release|x86.ActiveCfg = Release|Win32
		{BA73574D-005D-4488-AAD8-03E71BA87F07}.Release|x86.Build.0 = Release|Win32
	EndGlobalSection
	GlobalSection(SolutionProperties) = preSolution
		HideSolutionNode = FALSE
	EndGlobalSection
	GlobalSection(ExtensibilityGlobals) = postSolution
		SolutionGuid = {37F71E97-6934-4473-9215-6D55A60580FA}
	EndGlobalSection
EndGlobal
